
Microsoft Visual Studio Solution File, Format Version 12.00
# Visual Studio Version 17
VisualStudioVersion = 17.11.35222.181
MinimumVisualStudioVersion = 10.0.40219.1
Project("{FAE04EC0-301F-11D3-BF4B-00C04F79EFBC}") = "FlightManagement", "FlightManagement\FlightManagement.csproj", "{E7B860D7-B908-4CCB-8A56-E41A09AB94CA}"
EndProject
Global
	GlobalSection(SolutionConfigurationPlatforms) = preSolution
		Debug|Any CPU = Debug|Any CPU
		Release|Any CPU = Release|Any CPU
	EndGlobalSection
	GlobalSection(ProjectConfigurationPlatforms) = postSolution
		{E7B860D7-B908-4CCB-8A56-E41A09AB94CA}.Debug|Any CPU.ActiveCfg = Debug|Any CPU
		{E7B860D7-B908-4CCB-8A56-E41A09AB94CA}.Debug|Any CPU.Build.0 = Debug|Any CPU
		{E7B860D7-B908-4CCB-8A56-E41A09AB94CA}.Release|Any CPU.ActiveCfg = Release|Any CPU
		{E7B860D7-B908-4CCB-8A56-E41A09AB94CA}.Release|Any CPU.Build.0 = Release|Any CPU
	EndGlobalSection
	GlobalSection(SolutionProperties) = preSolution
		HideSolutionNode = FALSE
	EndGlobalSection
	GlobalSection(ExtensibilityGlobals) = postSolution
		SolutionGuid = {F802F2A2-5C42-433B-A900-1196266FA8AC}
	EndGlobalSection
EndGlobal
